<?xml version="1.0" encoding="utf-8"?>
<Project ToolsVersion="4.0" xmlns="http://schemas.microsoft.com/developer/msbuild/2003">
  <ItemGroup>
    <Filter Include="Source Files">
      <UniqueIdentifier>{4FC737F1-C7A5-4376-A066-2A32D752A2FF}</UniqueIdentifier>
      <Extensions>cpp;c;cc;cxx;def;odl;idl;hpj;bat;asm;asmx</Extensions>
    </Filter>
    <Filter Include="Header Files">
      <UniqueIdentifier>{93995380-89BD-4b04-88EB-625FBE52EBFB}</UniqueIdentifier>
      <Extensions>h;hh;hpp;hxx;hm;inl;inc;xsd</Extensions>
    </Filter>
    <Filter Include="Resource Files">
      <UniqueIdentifier>{67DA6AB6-F800-4c08-8B7A-83BB121AAD01}</UniqueIdentifier>
      <Extensions>rc;ico;cur;bmp;dlg;rc2;rct;bin;rgs;gif;jpg;jpeg;jpe;resx;tiff;tif;png;wav;mfcribbon-ms</Extensions>
    </Filter>
    <Filter Include="Source Files\Lighting">
      <UniqueIdentifier>{6ac5c780-3033-4117-bccf-42640a2a3c90}</UniqueIdentifier>
    </Filter>
    <Filter Include="Source Files\ModelLoading">
      <UniqueIdentifier>{94a2c91e-c89e-4f4c-bd43-d0a47cdb57fc}</UniqueIdentifier>
    </Filter>
    <Filter Include="Source Files\DepthTesting">
      <UniqueIdentifier>{7eb25b74-3abd-4bd7-81a2-1cc4bee0525a}</UniqueIdentifier>
    </Filter>
  </ItemGroup>
  <ItemGroup>
    <ClCompile Include="main.cpp">
      <Filter>Source Files</Filter>
    </ClCompile>
    <ClCompile Include="glad.c">
      <Filter>Source Files</Filter>
    </ClCompile>
    <ClCompile Include="imath.cpp">
      <Filter>Source Files</Filter>
    </ClCompile>
    <ClCompile Include="colors.cpp">
      <Filter>Source Files\Lighting</Filter>
    </ClCompile>
    <ClCompile Include="ModelLoading\models.cpp">
      <Filter>Source Files\ModelLoading</Filter>
    </ClCompile>
    <ClCompile Include="input.cpp">
      <Filter>Source Files</Filter>
    </ClCompile>
    <ClCompile Include="camera.cpp">
      <Filter>Source Files</Filter>
    </ClCompile>
    <ClCompile Include="Application.cpp">
      <Filter>Source Files</Filter>
    </ClCompile>
    <ClCompile Include="Director.cpp">
      <Filter>Source Files</Filter>
    </ClCompile>
    <ClCompile Include="GLView.cpp">
      <Filter>Source Files</Filter>
    </ClCompile>
    <ClCompile Include="DepthTestScene.cpp">
      <Filter>Source Files</Filter>
    </ClCompile>
    <ClCompile Include="GravityEngine.cpp">
      <Filter>Source Files\DepthTesting</Filter>
    </ClCompile>
    <ClCompile Include="model.cpp">
      <Filter>Source Files\ModelLoading</Filter>
    </ClCompile>
    <ClCompile Include="shader.cpp">
      <Filter>Source Files</Filter>
    </ClCompile>
    <ClCompile Include="mesh.cpp">
      <Filter>Source Files\ModelLoading</Filter>
    </ClCompile>
    <ClCompile Include="GScene.cpp">
      <Filter>Source Files</Filter>
    </ClCompile>
    <ClCompile Include="Fuck.cpp">
      <Filter>Source Files</Filter>
    </ClCompile>
  </ItemGroup>
  <ItemGroup>
    <ClInclude Include="shader.h">
      <Filter>Source Files</Filter>
    </ClInclude>
    <ClInclude Include="stb_image.h">
      <Filter>Source Files</Filter>
    </ClInclude>
    <ClInclude Include="camera.h">
      <Filter>Source Files</Filter>
    </ClInclude>
    <ClInclude Include="objects.h">
      <Filter>Source Files</Filter>
    </ClInclude>
    <ClInclude Include="vShader2.glsl">
      <Filter>Source Files\Lighting</Filter>
    </ClInclude>
    <ClInclude Include="fShader2.glsl">
      <Filter>Source Files\Lighting</Filter>
    </ClInclude>
    <ClInclude Include="light.h">
      <Filter>Header Files</Filter>
    </ClInclude>
    <ClInclude Include="ModelLoading\mesh.h">
      <Filter>Source Files\ModelLoading</Filter>
    </ClInclude>
    <ClInclude Include="ModelLoading\model.h">
      <Filter>Source Files\ModelLoading</Filter>
    </ClInclude>
    <ClInclude Include="texture.h">
      <Filter>Source Files</Filter>
    </ClInclude>
    <ClInclude Include="input.h">
      <Filter>Source Files</Filter>
    </ClInclude>
    <ClInclude Include="Director.h">
      <Filter>Header Files</Filter>
    </ClInclude>
    <ClInclude Include="GLView.h">
      <Filter>Source Files</Filter>
    </ClInclude>
    <ClInclude Include="DepthTestScene.h">
      <Filter>Header Files</Filter>
    </ClInclude>
    <ClInclude Include="Application.h">
      <Filter>Header Files</Filter>
    </ClInclude>
    <ClInclude Include="GScene.h">
      <Filter>Header Files</Filter>
    </ClInclude>
    <ClInclude Include="Fuck.h">
      <Filter>Header Files</Filter>
    </ClInclude>
  </ItemGroup>
  <ItemGroup>
    <None Include="vShader.glsl">
      <Filter>Source Files</Filter>
    </None>
    <None Include="vShader3.glsl">
      <Filter>Source Files\Lighting</Filter>
    </None>
    <None Include="fShader3.glsl">
      <Filter>Source Files\Lighting</Filter>
    </None>
    <None Include="fShader.glsl">
      <Filter>Source Files</Filter>
    </None>
    <None Include="ModelLoading\vShader_nano_suit_model.glsl">
      <Filter>Source Files\ModelLoading</Filter>
    </None>
    <None Include="ModelLoading\fShader_nano_suit_model.glsl">
      <Filter>Source Files\ModelLoading</Filter>
    </None>
  </ItemGroup>
  <ItemGroup>
    <Image Include="wall.jpg">
      <Filter>Source Files</Filter>
    </Image>
    <Image Include="awesomeface.png">
      <Filter>Source Files</Filter>
    </Image>
    <Image Include="moana.jpg">
      <Filter>Source Files</Filter>
    </Image>
    <Image Include="container1.jpg">
      <Filter>Source Files</Filter>
    </Image>
    <Image Include="container2.png">
      <Filter>Source Files\Lighting</Filter>
    </Image>
    <Image Include="container2_specular.png">
      <Filter>Source Files\Lighting</Filter>
    </Image>
  </ItemGroup>
</Project>